
Microsoft Visual Studio Solution File, Format Version 11.00
# Visual Studio 2010
Project("{FAE04EC0-301F-11D3-BF4B-00C04F79EFBC}") = "Assembly-CSharp", "Assembly-CSharp.csproj", "{6776B612-E26F-F612-1F29-33633761F60B}"
EndProject
Project("{FAE04EC0-301F-11D3-BF4B-00C04F79EFBC}") = "Assembly-CSharp-Editor", "Assembly-CSharp-Editor.csproj", "{4373DA37-341F-FCF5-0B5B-D78DC69AEFE7}"
EndProject
Global
	GlobalSection(SolutionConfigurationPlatforms) = preSolution
		Debug|Any CPU = Debug|Any CPU
		Release|Any CPU = Release|Any CPU
	EndGlobalSection
	GlobalSection(ProjectConfigurationPlatforms) = postSolution
		{6776B612-E26F-F612-1F29-33633761F60B}.Debug|Any CPU.ActiveCfg = Debug|Any CPU
		{6776B612-E26F-F612-1F29-33633761F60B}.Debug|Any CPU.Build.0 = Debug|Any CPU
		{6776B612-E26F-F612-1F29-33633761F60B}.Release|Any CPU.ActiveCfg = Release|Any CPU
		{6776B612-E26F-F612-1F29-33633761F60B}.Release|Any CPU.Build.0 = Release|Any CPU
		{4373DA37-341F-FCF5-0B5B-D78DC69AEFE7}.Debug|Any CPU.ActiveCfg = Debug|Any CPU
		{4373DA37-341F-FCF5-0B5B-D78DC69AEFE7}.Debug|Any CPU.Build.0 = Debug|Any CPU
		{4373DA37-341F-FCF5-0B5B-D78DC69AEFE7}.Release|Any CPU.ActiveCfg = Release|Any CPU
		{4373DA37-341F-FCF5-0B5B-D78DC69AEFE7}.Release|Any CPU.Build.0 = Release|Any CPU
	EndGlobalSection
	GlobalSection(SolutionProperties) = preSolution
		HideSolutionNode = FALSE
	EndGlobalSection
	GlobalSection(MonoDevelopProperties) = preSolution
		StartupItem = Assembly-CSharp.csproj
	EndGlobalSection
EndGlobal
